// !$*UTF8*$!
{
	archiveVersion = 1;
	classes = {
	};
	objectVersion = 51;
	objects = {

/* Begin PBXBuildFile section */
		4E163CF82617B0C100F02B4C /* AppDelegate.swift in Sources */ = {isa = PBXBuildFile; fileRef = 4E163CF72617B0C100F02B4C /* AppDelegate.swift */; };
		4E163CFA2617B0C100F02B4C /* SceneDelegate.swift in Sources */ = {isa = PBXBuildFile; fileRef = 4E163CF92617B0C100F02B4C /* SceneDelegate.swift */; };
		4E163CFF2617B0C100F02B4C /* Main.storyboard in Resources */ = {isa = PBXBuildFile; fileRef = 4E163CFD2617B0C100F02B4C /* Main.storyboard */; };
		4E163D012617B0C500F02B4C /* Assets.xcassets in Resources */ = {isa = PBXBuildFile; fileRef = 4E163D002617B0C500F02B4C /* Assets.xcassets */; };
		4E163D042617B0C500F02B4C /* LaunchScreen.storyboard in Resources */ = {isa = PBXBuildFile; fileRef = 4E163D022617B0C500F02B4C /* LaunchScreen.storyboard */; };
		4E163D0D2617B4CE00F02B4C /* Welcome.swift in Sources */ = {isa = PBXBuildFile; fileRef = 4E163D0C2617B4CE00F02B4C /* Welcome.swift */; };
		4E1A0DB8261C9EB6001B7A53 /* SingInLog.swift in Sources */ = {isa = PBXBuildFile; fileRef = 4E1A0DB7261C9EB6001B7A53 /* SingInLog.swift */; };
		4E31857526755ED200C9A983 /* Extension.swift in Sources */ = {isa = PBXBuildFile; fileRef = 4E31857426755ED200C9A983 /* Extension.swift */; };
		4E34FA6E269034BB00891916 /* ShareCard.swift in Sources */ = {isa = PBXBuildFile; fileRef = 4E34FA6D269034BB00891916 /* ShareCard.swift */; };
		4E3CDFC8267CB77C000BC887 /* EditSubscription.swift in Sources */ = {isa = PBXBuildFile; fileRef = 4E3CDFC7267CB77C000BC887 /* EditSubscription.swift */; };
		4E531219261A30FF00AC290E /* OnBoardOne.swift in Sources */ = {isa = PBXBuildFile; fileRef = 4E531218261A30FF00AC290E /* OnBoardOne.swift */; };
		4E5BE1B8267B5D1B00CF7307 /* Images.swift in Sources */ = {isa = PBXBuildFile; fileRef = 4E5BE1B7267B5D1B00CF7307 /* Images.swift */; };
		4E68F810267CAAE300B42AE6 /* EditProfileMenu.swift in Sources */ = {isa = PBXBuildFile; fileRef = 4E68F80F267CAAE300B42AE6 /* EditProfileMenu.swift */; };
		4E6B057B2685D14500217996 /* Feedback.swift in Sources */ = {isa = PBXBuildFile; fileRef = 4E6B057A2685D14500217996 /* Feedback.swift */; };
		4E6C6B7F2684B76E00F1A561 /* NewsPage.swift in Sources */ = {isa = PBXBuildFile; fileRef = 4E6C6B7E2684B76E00F1A561 /* NewsPage.swift */; };
		4E6C6B812684B8B900F1A561 /* OfferPage.swift in Sources */ = {isa = PBXBuildFile; fileRef = 4E6C6B802684B8B900F1A561 /* OfferPage.swift */; };
		4E6C6B842684B98D00F1A561 /* Settings.swift in Sources */ = {isa = PBXBuildFile; fileRef = 4E6C6B832684B98D00F1A561 /* Settings.swift */; };
		4E6DA54C2680E18500C4685E /* BisinessCardMenu.swift in Sources */ = {isa = PBXBuildFile; fileRef = 4E6DA54B2680E18500C4685E /* BisinessCardMenu.swift */; };
		4E7E4F89264B217A00BBA1DB /* Ellipse.swift in Sources */ = {isa = PBXBuildFile; fileRef = 4E7E4F88264B217A00BBA1DB /* Ellipse.swift */; };
		4E825CDF267A72E000826AC3 /* ProfileMenu1.swift in Sources */ = {isa = PBXBuildFile; fileRef = 4E825CDE267A72E000826AC3 /* ProfileMenu1.swift */; };
		4E8715552672833D0073BE60 /* EventPage.swift in Sources */ = {isa = PBXBuildFile; fileRef = 4E8715542672833D0073BE60 /* EventPage.swift */; };
		4E87E832268D26400053A9A5 /* EditOffer.swift in Sources */ = {isa = PBXBuildFile; fileRef = 4E87E831268D26400053A9A5 /* EditOffer.swift */; };
		4E8AED6626889C87005523AF /* UserMenu.swift in Sources */ = {isa = PBXBuildFile; fileRef = 4E8AED6526889C87005523AF /* UserMenu.swift */; };
		4E8CC010261C9439008F65A9 /* SingIn.swift in Sources */ = {isa = PBXBuildFile; fileRef = 4E8CC00F261C9439008F65A9 /* SingIn.swift */; };
		4E97F77526A03B6A00E8F211 /* Gallery.swift in Sources */ = {isa = PBXBuildFile; fileRef = 4E97F77426A03B6A00E8F211 /* Gallery.swift */; };
		4EAC0947268491B2002FA47D /* Files.swift in Sources */ = {isa = PBXBuildFile; fileRef = 4EAC0946268491B2002FA47D /* Files.swift */; };
		4EB272D8264499800002AD44 /* Home.swift in Sources */ = {isa = PBXBuildFile; fileRef = 4EB272D7264499800002AD44 /* Home.swift */; };
		4EB724E6261F08450030F862 /* SingUp.swift in Sources */ = {isa = PBXBuildFile; fileRef = 4EB724E5261F08450030F862 /* SingUp.swift */; };
		4EB724E9261F09880030F862 /* SingUpTwo.swift in Sources */ = {isa = PBXBuildFile; fileRef = 4EB724E8261F09880030F862 /* SingUpTwo.swift */; };
		4EB724F3261F0D310030F862 /* IsWaiting.swift in Sources */ = {isa = PBXBuildFile; fileRef = 4EB724F2261F0D310030F862 /* IsWaiting.swift */; };
		4EB9A1A3261C80B5000927B5 /* OnBoardTwo.swift in Sources */ = {isa = PBXBuildFile; fileRef = 4EB9A1A2261C80B5000927B5 /* OnBoardTwo.swift */; };
		4EB9A1A6261C883C000927B5 /* OnBoardThree.swift in Sources */ = {isa = PBXBuildFile; fileRef = 4EB9A1A5261C883C000927B5 /* OnBoardThree.swift */; };
		4EBAAFCC269F205F003F9AF6 /* EditPassword.swift in Sources */ = {isa = PBXBuildFile; fileRef = 4EBAAFCB269F205F003F9AF6 /* EditPassword.swift */; };
		4EBAAFCE269F299C003F9AF6 /* ConfirmPhone.swift in Sources */ = {isa = PBXBuildFile; fileRef = 4EBAAFCD269F299C003F9AF6 /* ConfirmPhone.swift */; };
		4EBAAFD0269F2A5E003F9AF6 /* ConfirmCode.swift in Sources */ = {isa = PBXBuildFile; fileRef = 4EBAAFCF269F2A5E003F9AF6 /* ConfirmCode.swift */; };
		4EC07F0526779E8300D60D21 /* News.swift in Sources */ = {isa = PBXBuildFile; fileRef = 4EC07F0426779E8300D60D21 /* News.swift */; };
		4EC5B7E2261F391F009DAE11 /* ForgotPassword.swift in Sources */ = {isa = PBXBuildFile; fileRef = 4EC5B7E1261F391E009DAE11 /* ForgotPassword.swift */; };
		4EEAD2F626A0A34400D43A8E /* SettingProfile.swift in Sources */ = {isa = PBXBuildFile; fileRef = 4EEAD2F526A0A34400D43A8E /* SettingProfile.swift */; };
		4EEAD2F926A0A6C300D43A8E /* HeaderViewSetting.swift in Sources */ = {isa = PBXBuildFile; fileRef = 4EEAD2F826A0A6C300D43A8E /* HeaderViewSetting.swift */; };
		4EED266F2678FCB600F597DD /* Promotions.swift in Sources */ = {isa = PBXBuildFile; fileRef = 4EED266E2678FCB600F597DD /* Promotions.swift */; };
		4EED2671267904F200F597DD /* Events.swift in Sources */ = {isa = PBXBuildFile; fileRef = 4EED2670267904F200F597DD /* Events.swift */; };
		4EED2673267967A300F597DD /* PublucFunction.swift in Sources */ = {isa = PBXBuildFile; fileRef = 4EED2672267967A300F597DD /* PublucFunction.swift */; };
		4EFA55982688A46F00B51B5A /* DataNetwork.swift in Sources */ = {isa = PBXBuildFile; fileRef = 4EFA55972688A46F00B51B5A /* DataNetwork.swift */; };
		4EFEA13626A8E239009CFD24 /* Tokens.swift in Sources */ = {isa = PBXBuildFile; fileRef = 4EFEA13526A8E239009CFD24 /* Tokens.swift */; };
		4EFEA13826AA46B3009CFD24 /* Language.swift in Sources */ = {isa = PBXBuildFile; fileRef = 4EFEA13726AA46B3009CFD24 /* Language.swift */; };
		4EFEA13A26AA6283009CFD24 /* NowConnection.swift in Sources */ = {isa = PBXBuildFile; fileRef = 4EFEA13926AA6283009CFD24 /* NowConnection.swift */; };
		B6F5330B1FCDE4FB658B4447 /* Pods_U_Bisiness.framework in Frameworks */ = {isa = PBXBuildFile; fileRef = E30DE2C5DB5AFB7CE5A2B13F /* Pods_U_Bisiness.framework */; };
/* End PBXBuildFile section */

/* Begin PBXFileReference section */
		4E163CF42617B0C100F02B4C /* U Bisiness.app */ = {isa = PBXFileReference; explicitFileType = wrapper.application; includeInIndex = 0; path = "U Bisiness.app"; sourceTree = BUILT_PRODUCTS_DIR; };
		4E163CF72617B0C100F02B4C /* AppDelegate.swift */ = {isa = PBXFileReference; lastKnownFileType = sourcecode.swift; path = AppDelegate.swift; sourceTree = "<group>"; };
		4E163CF92617B0C100F02B4C /* SceneDelegate.swift */ = {isa = PBXFileReference; lastKnownFileType = sourcecode.swift; path = SceneDelegate.swift; sourceTree = "<group>"; };
		4E163CFE2617B0C100F02B4C /* Base */ = {isa = PBXFileReference; lastKnownFileType = file.storyboard; name = Base; path = Base.lproj/Main.storyboard; sourceTree = "<group>"; };
		4E163D002617B0C500F02B4C /* Assets.xcassets */ = {isa = PBXFileReference; lastKnownFileType = folder.assetcatalog; path = Assets.xcassets; sourceTree = "<group>"; };
		4E163D032617B0C500F02B4C /* Base */ = {isa = PBXFileReference; lastKnownFileType = file.storyboard; name = Base; path = Base.lproj/LaunchScreen.storyboard; sourceTree = "<group>"; };
		4E163D052617B0C500F02B4C /* Info.plist */ = {isa = PBXFileReference; lastKnownFileType = text.plist.xml; path = Info.plist; sourceTree = "<group>"; };
		4E163D0C2617B4CE00F02B4C /* Welcome.swift */ = {isa = PBXFileReference; lastKnownFileType = sourcecode.swift; path = Welcome.swift; sourceTree = "<group>"; };
		4E1A0DB7261C9EB6001B7A53 /* SingInLog.swift */ = {isa = PBXFileReference; lastKnownFileType = sourcecode.swift; path = SingInLog.swift; sourceTree = "<group>"; };
		4E31857426755ED200C9A983 /* Extension.swift */ = {isa = PBXFileReference; lastKnownFileType = sourcecode.swift; path = Extension.swift; sourceTree = "<group>"; };
		4E34FA6D269034BB00891916 /* ShareCard.swift */ = {isa = PBXFileReference; lastKnownFileType = sourcecode.swift; path = ShareCard.swift; sourceTree = "<group>"; };
		4E3CDFC7267CB77C000BC887 /* EditSubscription.swift */ = {isa = PBXFileReference; lastKnownFileType = sourcecode.swift; path = EditSubscription.swift; sourceTree = "<group>"; };
		4E531218261A30FF00AC290E /* OnBoardOne.swift */ = {isa = PBXFileReference; lastKnownFileType = sourcecode.swift; path = OnBoardOne.swift; sourceTree = "<group>"; };
		4E5BE1B7267B5D1B00CF7307 /* Images.swift */ = {isa = PBXFileReference; lastKnownFileType = sourcecode.swift; path = Images.swift; sourceTree = "<group>"; };
		4E68F80F267CAAE300B42AE6 /* EditProfileMenu.swift */ = {isa = PBXFileReference; lastKnownFileType = sourcecode.swift; path = EditProfileMenu.swift; sourceTree = "<group>"; };
		4E6B057A2685D14500217996 /* Feedback.swift */ = {isa = PBXFileReference; lastKnownFileType = sourcecode.swift; path = Feedback.swift; sourceTree = "<group>"; };
		4E6C6B7E2684B76E00F1A561 /* NewsPage.swift */ = {isa = PBXFileReference; lastKnownFileType = sourcecode.swift; path = NewsPage.swift; sourceTree = "<group>"; };
		4E6C6B802684B8B900F1A561 /* OfferPage.swift */ = {isa = PBXFileReference; lastKnownFileType = sourcecode.swift; path = OfferPage.swift; sourceTree = "<group>"; };
		4E6C6B832684B98D00F1A561 /* Settings.swift */ = {isa = PBXFileReference; lastKnownFileType = sourcecode.swift; path = Settings.swift; sourceTree = "<group>"; };
		4E6DA54B2680E18500C4685E /* BisinessCardMenu.swift */ = {isa = PBXFileReference; lastKnownFileType = sourcecode.swift; path = BisinessCardMenu.swift; sourceTree = "<group>"; };
		4E7E4F88264B217A00BBA1DB /* Ellipse.swift */ = {isa = PBXFileReference; lastKnownFileType = sourcecode.swift; path = Ellipse.swift; sourceTree = "<group>"; };
		4E825CDE267A72E000826AC3 /* ProfileMenu1.swift */ = {isa = PBXFileReference; lastKnownFileType = sourcecode.swift; path = ProfileMenu1.swift; sourceTree = "<group>"; };
		4E8715542672833D0073BE60 /* EventPage.swift */ = {isa = PBXFileReference; lastKnownFileType = sourcecode.swift; path = EventPage.swift; sourceTree = "<group>"; };
		4E87E831268D26400053A9A5 /* EditOffer.swift */ = {isa = PBXFileReference; lastKnownFileType = sourcecode.swift; path = EditOffer.swift; sourceTree = "<group>"; };
		4E8AED6526889C87005523AF /* UserMenu.swift */ = {isa = PBXFileReference; lastKnownFileType = sourcecode.swift; path = UserMenu.swift; sourceTree = "<group>"; };
		4E8CC00F261C9439008F65A9 /* SingIn.swift */ = {isa = PBXFileReference; lastKnownFileType = sourcecode.swift; path = SingIn.swift; sourceTree = "<group>"; };
		4E97F77426A03B6A00E8F211 /* Gallery.swift */ = {isa = PBXFileReference; lastKnownFileType = sourcecode.swift; path = Gallery.swift; sourceTree = "<group>"; };
		4EAC0946268491B2002FA47D /* Files.swift */ = {isa = PBXFileReference; lastKnownFileType = sourcecode.swift; path = Files.swift; sourceTree = "<group>"; };
		4EB272D7264499800002AD44 /* Home.swift */ = {isa = PBXFileReference; lastKnownFileType = sourcecode.swift; path = Home.swift; sourceTree = "<group>"; };
		4EB724E5261F08450030F862 /* SingUp.swift */ = {isa = PBXFileReference; lastKnownFileType = sourcecode.swift; path = SingUp.swift; sourceTree = "<group>"; };
		4EB724E8261F09880030F862 /* SingUpTwo.swift */ = {isa = PBXFileReference; lastKnownFileType = sourcecode.swift; path = SingUpTwo.swift; sourceTree = "<group>"; };
		4EB724F2261F0D310030F862 /* IsWaiting.swift */ = {isa = PBXFileReference; lastKnownFileType = sourcecode.swift; path = IsWaiting.swift; sourceTree = "<group>"; };
		4EB9A1A2261C80B5000927B5 /* OnBoardTwo.swift */ = {isa = PBXFileReference; lastKnownFileType = sourcecode.swift; path = OnBoardTwo.swift; sourceTree = "<group>"; };
		4EB9A1A5261C883C000927B5 /* OnBoardThree.swift */ = {isa = PBXFileReference; lastKnownFileType = sourcecode.swift; path = OnBoardThree.swift; sourceTree = "<group>"; };
		4EBAAFCB269F205F003F9AF6 /* EditPassword.swift */ = {isa = PBXFileReference; lastKnownFileType = sourcecode.swift; path = EditPassword.swift; sourceTree = "<group>"; };
		4EBAAFCD269F299C003F9AF6 /* ConfirmPhone.swift */ = {isa = PBXFileReference; lastKnownFileType = sourcecode.swift; path = ConfirmPhone.swift; sourceTree = "<group>"; };
		4EBAAFCF269F2A5E003F9AF6 /* ConfirmCode.swift */ = {isa = PBXFileReference; lastKnownFileType = sourcecode.swift; path = ConfirmCode.swift; sourceTree = "<group>"; };
		4EC07F0426779E8300D60D21 /* News.swift */ = {isa = PBXFileReference; lastKnownFileType = sourcecode.swift; path = News.swift; sourceTree = "<group>"; };
		4EC5B7E1261F391E009DAE11 /* ForgotPassword.swift */ = {isa = PBXFileReference; lastKnownFileType = sourcecode.swift; path = ForgotPassword.swift; sourceTree = "<group>"; };
		4EEAD2F526A0A34400D43A8E /* SettingProfile.swift */ = {isa = PBXFileReference; lastKnownFileType = sourcecode.swift; path = SettingProfile.swift; sourceTree = "<group>"; };
		4EEAD2F826A0A6C300D43A8E /* HeaderViewSetting.swift */ = {isa = PBXFileReference; lastKnownFileType = sourcecode.swift; path = HeaderViewSetting.swift; sourceTree = "<group>"; };
		4EED266E2678FCB600F597DD /* Promotions.swift */ = {isa = PBXFileReference; lastKnownFileType = sourcecode.swift; path = Promotions.swift; sourceTree = "<group>"; };
		4EED2670267904F200F597DD /* Events.swift */ = {isa = PBXFileReference; lastKnownFileType = sourcecode.swift; path = Events.swift; sourceTree = "<group>"; };
		4EED2672267967A300F597DD /* PublucFunction.swift */ = {isa = PBXFileReference; lastKnownFileType = sourcecode.swift; path = PublucFunction.swift; sourceTree = "<group>"; };
		4EFA55972688A46F00B51B5A /* DataNetwork.swift */ = {isa = PBXFileReference; lastKnownFileType = sourcecode.swift; path = DataNetwork.swift; sourceTree = "<group>"; };
		4EFEA13526A8E239009CFD24 /* Tokens.swift */ = {isa = PBXFileReference; lastKnownFileType = sourcecode.swift; path = Tokens.swift; sourceTree = "<group>"; };
		4EFEA13726AA46B3009CFD24 /* Language.swift */ = {isa = PBXFileReference; lastKnownFileType = sourcecode.swift; path = Language.swift; sourceTree = "<group>"; };
		4EFEA13926AA6283009CFD24 /* NowConnection.swift */ = {isa = PBXFileReference; lastKnownFileType = sourcecode.swift; path = NowConnection.swift; sourceTree = "<group>"; };
		6F0561F93FFB0809CC1AECC3 /* Pods-U Bisiness.release.xcconfig */ = {isa = PBXFileReference; includeInIndex = 1; lastKnownFileType = text.xcconfig; name = "Pods-U Bisiness.release.xcconfig"; path = "Target Support Files/Pods-U Bisiness/Pods-U Bisiness.release.xcconfig"; sourceTree = "<group>"; };
		E30DE2C5DB5AFB7CE5A2B13F /* Pods_U_Bisiness.framework */ = {isa = PBXFileReference; explicitFileType = wrapper.framework; includeInIndex = 0; path = Pods_U_Bisiness.framework; sourceTree = BUILT_PRODUCTS_DIR; };
		EFCC2C987138A14D948D3667 /* Pods-U Bisiness.debug.xcconfig */ = {isa = PBXFileReference; includeInIndex = 1; lastKnownFileType = text.xcconfig; name = "Pods-U Bisiness.debug.xcconfig"; path = "Target Support Files/Pods-U Bisiness/Pods-U Bisiness.debug.xcconfig"; sourceTree = "<group>"; };
/* End PBXFileReference section */

/* Begin PBXFrameworksBuildPhase section */
		4E163CF12617B0C100F02B4C /* Frameworks */ = {
			isa = PBXFrameworksBuildPhase;
			buildActionMask = 2147483647;
			files = (
				B6F5330B1FCDE4FB658B4447 /* Pods_U_Bisiness.framework in Frameworks */,
			);
			runOnlyForDeploymentPostprocessing = 0;
		};
/* End PBXFrameworksBuildPhase section */

/* Begin PBXGroup section */
		24B47984524399F0D62249DC /* Frameworks */ = {
			isa = PBXGroup;
			children = (
				E30DE2C5DB5AFB7CE5A2B13F /* Pods_U_Bisiness.framework */,
			);
			name = Frameworks;
			sourceTree = "<group>";
		};
		4E163CEB2617B0C100F02B4C = {
			isa = PBXGroup;
			children = (
				4E163CF62617B0C100F02B4C /* U Bisiness */,
				4E163CF52617B0C100F02B4C /* Products */,
				F5B12EC624B52B98932CBBC6 /* Pods */,
				24B47984524399F0D62249DC /* Frameworks */,
			);
			sourceTree = "<group>";
		};
		4E163CF52617B0C100F02B4C /* Products */ = {
			isa = PBXGroup;
			children = (
				4E163CF42617B0C100F02B4C /* U Bisiness.app */,
			);
			name = Products;
			sourceTree = "<group>";
		};
		4E163CF62617B0C100F02B4C /* U Bisiness */ = {
			isa = PBXGroup;
			children = (
				4EB05ADE268942F10062E75C /* Network */,
				4E163CF72617B0C100F02B4C /* AppDelegate.swift */,
				4E31857426755ED200C9A983 /* Extension.swift */,
				4EFEA13726AA46B3009CFD24 /* Language.swift */,
				4EED2672267967A300F597DD /* PublucFunction.swift */,
				4E7E4F88264B217A00BBA1DB /* Ellipse.swift */,
				4EB272D7264499800002AD44 /* Home.swift */,
				4E163CF92617B0C100F02B4C /* SceneDelegate.swift */,
				4E31856F267553CF00C9A983 /* News */,
				4E31856E2675535600C9A983 /* Business Cards */,
				4EC020C5269F0086006A76AD /* SideMenu */,
				4E87155326727FEA0073BE60 /* Pages */,
				4E34FA6C2690347D00891916 /* ShareCard */,
				4E68F80E267CAACD00B42AE6 /* Profile */,
				4E6DA54A2680E15700C4685E /* BisinessCard */,
				4E5BE1B7267B5D1B00CF7307 /* Images.swift */,
				4EAC094526849188002FA47D /* Files */,
				4EBAAFD226A03AB0003F9AF6 /* Gallery */,
				4EB724F2261F0D310030F862 /* IsWaiting.swift */,
				4E6C6B822684B97600F1A561 /* Setting */,
				4E53121C261A314800AC290E /* Registration */,
				4E163D002617B0C500F02B4C /* Assets.xcassets */,
				4EEAD2F726A0A68A00D43A8E /* New Group */,
				4EBAAFCA269F203C003F9AF6 /* EditProfile */,
				4E163CFD2617B0C100F02B4C /* Main.storyboard */,
				4E163D022617B0C500F02B4C /* LaunchScreen.storyboard */,
				4E163D052617B0C500F02B4C /* Info.plist */,
			);
			path = "U Bisiness";
			sourceTree = "<group>";
		};
		4E31856E2675535600C9A983 /* Business Cards */ = {
			isa = PBXGroup;
			children = (
			);
			name = "Business Cards";
			path = ..;
			sourceTree = "<group>";
		};
		4E31856F267553CF00C9A983 /* News */ = {
			isa = PBXGroup;
			children = (
				4EC07F0426779E8300D60D21 /* News.swift */,
				4EED266E2678FCB600F597DD /* Promotions.swift */,
				4EED2670267904F200F597DD /* Events.swift */,
			);
			name = News;
			path = ..;
			sourceTree = "<group>";
		};
		4E34FA6C2690347D00891916 /* ShareCard */ = {
			isa = PBXGroup;
			children = (
				4E34FA6D269034BB00891916 /* ShareCard.swift */,
			);
			path = ShareCard;
			sourceTree = "<group>";
		};
		4E53121C261A314800AC290E /* Registration */ = {
			isa = PBXGroup;
			children = (
				4E163D0C2617B4CE00F02B4C /* Welcome.swift */,
				4E531218261A30FF00AC290E /* OnBoardOne.swift */,
				4EB9A1A2261C80B5000927B5 /* OnBoardTwo.swift */,
				4EB9A1A5261C883C000927B5 /* OnBoardThree.swift */,
				4E8CC012261C943F008F65A9 /* Authorization */,
			);
			name = Registration;
			sourceTree = "<group>";
		};
		4E68F80E267CAACD00B42AE6 /* Profile */ = {
			isa = PBXGroup;
			children = (
				4E825CDE267A72E000826AC3 /* ProfileMenu1.swift */,
				4E68F80F267CAAE300B42AE6 /* EditProfileMenu.swift */,
				4E3CDFC7267CB77C000BC887 /* EditSubscription.swift */,
				4E8AED6526889C87005523AF /* UserMenu.swift */,
				4E87E831268D26400053A9A5 /* EditOffer.swift */,
			);
			name = Profile;
			sourceTree = "<group>";
		};
		4E6C6B822684B97600F1A561 /* Setting */ = {
			isa = PBXGroup;
			children = (
				4E6C6B832684B98D00F1A561 /* Settings.swift */,
				4E6B057A2685D14500217996 /* Feedback.swift */,
			);
			path = Setting;
			sourceTree = "<group>";
		};
		4E6DA54A2680E15700C4685E /* BisinessCard */ = {
			isa = PBXGroup;
			children = (
				4E6DA54B2680E18500C4685E /* BisinessCardMenu.swift */,
			);
			path = BisinessCard;
			sourceTree = "<group>";
		};
		4E87155326727FEA0073BE60 /* Pages */ = {
			isa = PBXGroup;
			children = (
				4E8715542672833D0073BE60 /* EventPage.swift */,
				4E6C6B7E2684B76E00F1A561 /* NewsPage.swift */,
				4E6C6B802684B8B900F1A561 /* OfferPage.swift */,
			);
			name = Pages;
			path = ..;
			sourceTree = "<group>";
		};
		4E8CC012261C943F008F65A9 /* Authorization */ = {
			isa = PBXGroup;
			children = (
				4EC5B7E1261F391E009DAE11 /* ForgotPassword.swift */,
				4E8CC00F261C9439008F65A9 /* SingIn.swift */,
				4E1A0DB7261C9EB6001B7A53 /* SingInLog.swift */,
				4EB724E5261F08450030F862 /* SingUp.swift */,
				4EB724E8261F09880030F862 /* SingUpTwo.swift */,
			);
			path = Authorization;
			sourceTree = "<group>";
		};
		4EAC094526849188002FA47D /* Files */ = {
			isa = PBXGroup;
			children = (
				4EAC0946268491B2002FA47D /* Files.swift */,
			);
			name = Files;
			path = ..;
			sourceTree = "<group>";
		};
		4EB05ADE268942F10062E75C /* Network */ = {
			isa = PBXGroup;
			children = (
				4EFA55972688A46F00B51B5A /* DataNetwork.swift */,
				4EFEA13526A8E239009CFD24 /* Tokens.swift */,
				4EFEA13926AA6283009CFD24 /* NowConnection.swift */,
			);
			name = Network;
			sourceTree = "<group>";
		};
		4EBAAFCA269F203C003F9AF6 /* EditProfile */ = {
			isa = PBXGroup;
			children = (
				4EBAAFCB269F205F003F9AF6 /* EditPassword.swift */,
				4EBAAFCD269F299C003F9AF6 /* ConfirmPhone.swift */,
				4EBAAFCF269F2A5E003F9AF6 /* ConfirmCode.swift */,
			);
			path = EditProfile;
			sourceTree = "<group>";
		};
		4EBAAFD226A03AB0003F9AF6 /* Gallery */ = {
			isa = PBXGroup;
			children = (
				4E97F77426A03B6A00E8F211 /* Gallery.swift */,
			);
			name = Gallery;
			path = ..;
			sourceTree = "<group>";
		};
		4EC020C5269F0086006A76AD /* SideMenu */ = {
			isa = PBXGroup;
			children = (
			);
			path = SideMenu;
			sourceTree = "<group>";
		};
		4EEAD2F726A0A68A00D43A8E /* New Group */ = {
			isa = PBXGroup;
			children = (
				4EEAD2F526A0A34400D43A8E /* SettingProfile.swift */,
				4EEAD2F826A0A6C300D43A8E /* HeaderViewSetting.swift */,
			);
			path = "New Group";
			sourceTree = "<group>";
		};
		F5B12EC624B52B98932CBBC6 /* Pods */ = {
			isa = PBXGroup;
			children = (
				EFCC2C987138A14D948D3667 /* Pods-U Bisiness.debug.xcconfig */,
				6F0561F93FFB0809CC1AECC3 /* Pods-U Bisiness.release.xcconfig */,
			);
			path = Pods;
			sourceTree = "<group>";
		};
/* End PBXGroup section */

/* Begin PBXNativeTarget section */
		4E163CF32617B0C100F02B4C /* U Bisiness */ = {
			isa = PBXNativeTarget;
			buildConfigurationList = 4E163D082617B0C500F02B4C /* Build configuration list for PBXNativeTarget "U Bisiness" */;
			buildPhases = (
				78F362D4C128069D277E7CC3 /* [CP] Check Pods Manifest.lock */,
				4E163CF02617B0C100F02B4C /* Sources */,
				4E163CF12617B0C100F02B4C /* Frameworks */,
				4E163CF22617B0C100F02B4C /* Resources */,
				C59806D09870068B2015D6FA /* [CP] Embed Pods Frameworks */,
			);
			buildRules = (
			);
			dependencies = (
			);
			name = "U Bisiness";
			productName = "U Bisiness";
			productReference = 4E163CF42617B0C100F02B4C /* U Bisiness.app */;
			productType = "com.apple.product-type.application";
		};
/* End PBXNativeTarget section */

/* Begin PBXProject section */
		4E163CEC2617B0C100F02B4C /* Project object */ = {
			isa = PBXProject;
			attributes = {
				LastSwiftUpdateCheck = 1240;
				LastUpgradeCheck = 1240;
				TargetAttributes = {
					4E163CF32617B0C100F02B4C = {
						CreatedOnToolsVersion = 12.4;
					};
				};
			};
			buildConfigurationList = 4E163CEF2617B0C100F02B4C /* Build configuration list for PBXProject "U Bisiness" */;
			compatibilityVersion = "Xcode 9.3";
			developmentRegion = en;
			hasScannedForEncodings = 0;
			knownRegions = (
				en,
				Base,
			);
			mainGroup = 4E163CEB2617B0C100F02B4C;
			productRefGroup = 4E163CF52617B0C100F02B4C /* Products */;
			projectDirPath = "";
			projectRoot = "";
			targets = (
				4E163CF32617B0C100F02B4C /* U Bisiness */,
			);
		};
/* End PBXProject section */

/* Begin PBXResourcesBuildPhase section */
		4E163CF22617B0C100F02B4C /* Resources */ = {
			isa = PBXResourcesBuildPhase;
			buildActionMask = 2147483647;
			files = (
				4E163D042617B0C500F02B4C /* LaunchScreen.storyboard in Resources */,
				4E163D012617B0C500F02B4C /* Assets.xcassets in Resources */,
				4E163CFF2617B0C100F02B4C /* Main.storyboard in Resources */,
			);
			runOnlyForDeploymentPostprocessing = 0;
		};
/* End PBXResourcesBuildPhase section */

/* Begin PBXShellScriptBuildPhase section */
		78F362D4C128069D277E7CC3 /* [CP] Check Pods Manifest.lock */ = {
			isa = PBXShellScriptBuildPhase;
			buildActionMask = 2147483647;
			files = (
			);
			inputFileListPaths = (
			);
			inputPaths = (
				"${PODS_PODFILE_DIR_PATH}/Podfile.lock",
				"${PODS_ROOT}/Manifest.lock",
			);
			name = "[CP] Check Pods Manifest.lock";
			outputFileListPaths = (
			);
			outputPaths = (
				"$(DERIVED_FILE_DIR)/Pods-U Bisiness-checkManifestLockResult.txt",
			);
			runOnlyForDeploymentPostprocessing = 0;
			shellPath = /bin/sh;
			shellScript = "diff \"${PODS_PODFILE_DIR_PATH}/Podfile.lock\" \"${PODS_ROOT}/Manifest.lock\" > /dev/null\nif [ $? != 0 ] ; then\n    # print error to STDERR\n    echo \"error: The sandbox is not in sync with the Podfile.lock. Run 'pod install' or update your CocoaPods installation.\" >&2\n    exit 1\nfi\n# This output is used by Xcode 'outputs' to avoid re-running this script phase.\necho \"SUCCESS\" > \"${SCRIPT_OUTPUT_FILE_0}\"\n";
			showEnvVarsInLog = 0;
		};
		C59806D09870068B2015D6FA /* [CP] Embed Pods Frameworks */ = {
			isa = PBXShellScriptBuildPhase;
			buildActionMask = 2147483647;
			files = (
			);
			inputFileListPaths = (
				"${PODS_ROOT}/Target Support Files/Pods-U Bisiness/Pods-U Bisiness-frameworks-${CONFIGURATION}-input-files.xcfilelist",
			);
			name = "[CP] Embed Pods Frameworks";
			outputFileListPaths = (
				"${PODS_ROOT}/Target Support Files/Pods-U Bisiness/Pods-U Bisiness-frameworks-${CONFIGURATION}-output-files.xcfilelist",
			);
			runOnlyForDeploymentPostprocessing = 0;
			shellPath = /bin/sh;
			shellScript = "\"${PODS_ROOT}/Target Support Files/Pods-U Bisiness/Pods-U Bisiness-frameworks.sh\"\n";
			showEnvVarsInLog = 0;
		};
/* End PBXShellScriptBuildPhase section */

/* Begin PBXSourcesBuildPhase section */
		4E163CF02617B0C100F02B4C /* Sources */ = {
			isa = PBXSourcesBuildPhase;
			buildActionMask = 2147483647;
			files = (
				4E31857526755ED200C9A983 /* Extension.swift in Sources */,
				4EB724F3261F0D310030F862 /* IsWaiting.swift in Sources */,
				4E531219261A30FF00AC290E /* OnBoardOne.swift in Sources */,
				4EFEA13826AA46B3009CFD24 /* Language.swift in Sources */,
				4E87E832268D26400053A9A5 /* EditOffer.swift in Sources */,
				4E5BE1B8267B5D1B00CF7307 /* Images.swift in Sources */,
				4EED2673267967A300F597DD /* PublucFunction.swift in Sources */,
				4EB724E6261F08450030F862 /* SingUp.swift in Sources */,
				4EC07F0526779E8300D60D21 /* News.swift in Sources */,
				4E6C6B842684B98D00F1A561 /* Settings.swift in Sources */,
				4EB9A1A6261C883C000927B5 /* OnBoardThree.swift in Sources */,
				4EED266F2678FCB600F597DD /* Promotions.swift in Sources */,
				4E1A0DB8261C9EB6001B7A53 /* SingInLog.swift in Sources */,
				4EB272D8264499800002AD44 /* Home.swift in Sources */,
				4E6DA54C2680E18500C4685E /* BisinessCardMenu.swift in Sources */,
				4EED2671267904F200F597DD /* Events.swift in Sources */,
				4EC5B7E2261F391F009DAE11 /* ForgotPassword.swift in Sources */,
				4EAC0947268491B2002FA47D /* Files.swift in Sources */,
				4E34FA6E269034BB00891916 /* ShareCard.swift in Sources */,
				4E3CDFC8267CB77C000BC887 /* EditSubscription.swift in Sources */,
				4E825CDF267A72E000826AC3 /* ProfileMenu1.swift in Sources */,
				4EEAD2F626A0A34400D43A8E /* SettingProfile.swift in Sources */,
				4E163D0D2617B4CE00F02B4C /* Welcome.swift in Sources */,
				4EBAAFCC269F205F003F9AF6 /* EditPassword.swift in Sources */,
				4E6B057B2685D14500217996 /* Feedback.swift in Sources */,
				4E163CF82617B0C100F02B4C /* AppDelegate.swift in Sources */,
				4E163CFA2617B0C100F02B4C /* SceneDelegate.swift in Sources */,
				4EB9A1A3261C80B5000927B5 /* OnBoardTwo.swift in Sources */,
				4E68F810267CAAE300B42AE6 /* EditProfileMenu.swift in Sources */,
				4E6C6B812684B8B900F1A561 /* OfferPage.swift in Sources */,
				4EFEA13A26AA6283009CFD24 /* NowConnection.swift in Sources */,
				4EFEA13626A8E239009CFD24 /* Tokens.swift in Sources */,
				4E7E4F89264B217A00BBA1DB /* Ellipse.swift in Sources */,
				4E8CC010261C9439008F65A9 /* SingIn.swift in Sources */,
				4EB724E9261F09880030F862 /* SingUpTwo.swift in Sources */,
				4E6C6B7F2684B76E00F1A561 /* NewsPage.swift in Sources */,
				4E8715552672833D0073BE60 /* EventPage.swift in Sources */,
				4EBAAFCE269F299C003F9AF6 /* ConfirmPhone.swift in Sources */,
				4E97F77526A03B6A00E8F211 /* Gallery.swift in Sources */,
				4EEAD2F926A0A6C300D43A8E /* HeaderViewSetting.swift in Sources */,
				4EBAAFD0269F2A5E003F9AF6 /* ConfirmCode.swift in Sources */,
				4EFA55982688A46F00B51B5A /* DataNetwork.swift in Sources */,
				4E8AED6626889C87005523AF /* UserMenu.swift in Sources */,
			);
			runOnlyForDeploymentPostprocessing = 0;
		};
/* End PBXSourcesBuildPhase section */

/* Begin PBXVariantGroup section */
		4E163CFD2617B0C100F02B4C /* Main.storyboard */ = {
			isa = PBXVariantGroup;
			children = (
				4E163CFE2617B0C100F02B4C /* Base */,
			);
			name = Main.storyboard;
			sourceTree = "<group>";
		};
		4E163D022617B0C500F02B4C /* LaunchScreen.storyboard */ = {
			isa = PBXVariantGroup;
			children = (
				4E163D032617B0C500F02B4C /* Base */,
			);
			name = LaunchScreen.storyboard;
			sourceTree = "<group>";
		};
/* End PBXVariantGroup section */

/* Begin XCBuildConfiguration section */
		4E163D062617B0C500F02B4C /* Debug */ = {
			isa = XCBuildConfiguration;
			buildSettings = {
				ALWAYS_SEARCH_USER_PATHS = NO;
				CLANG_ANALYZER_NONNULL = YES;
				CLANG_ANALYZER_NUMBER_OBJECT_CONVERSION = YES_AGGRESSIVE;
				CLANG_CXX_LANGUAGE_STANDARD = "gnu++14";
				CLANG_CXX_LIBRARY = "libc++";
				CLANG_ENABLE_MODULES = YES;
				CLANG_ENABLE_OBJC_ARC = YES;
				CLANG_ENABLE_OBJC_WEAK = YES;
				CLANG_WARN_BLOCK_CAPTURE_AUTORELEASING = YES;
				CLANG_WARN_BOOL_CONVERSION = YES;
				CLANG_WARN_COMMA = YES;
				CLANG_WARN_CONSTANT_CONVERSION = YES;
				CLANG_WARN_DEPRECATED_OBJC_IMPLEMENTATIONS = YES;
				CLANG_WARN_DIRECT_OBJC_ISA_USAGE = YES_ERROR;
				CLANG_WARN_DOCUMENTATION_COMMENTS = YES;
				CLANG_WARN_EMPTY_BODY = YES;
				CLANG_WARN_ENUM_CONVERSION = YES;
				CLANG_WARN_INFINITE_RECURSION = YES;
				CLANG_WARN_INT_CONVERSION = YES;
				CLANG_WARN_NON_LITERAL_NULL_CONVERSION = YES;
				CLANG_WARN_OBJC_IMPLICIT_RETAIN_SELF = YES;
				CLANG_WARN_OBJC_LITERAL_CONVERSION = YES;
				CLANG_WARN_OBJC_ROOT_CLASS = YES_ERROR;
				CLANG_WARN_QUOTED_INCLUDE_IN_FRAMEWORK_HEADER = YES;
				CLANG_WARN_RANGE_LOOP_ANALYSIS = YES;
				CLANG_WARN_STRICT_PROTOTYPES = YES;
				CLANG_WARN_SUSPICIOUS_MOVE = YES;
				CLANG_WARN_UNGUARDED_AVAILABILITY = YES_AGGRESSIVE;
				CLANG_WARN_UNREACHABLE_CODE = YES;
				CLANG_WARN__DUPLICATE_METHOD_MATCH = YES;
				COPY_PHASE_STRIP = NO;
				DEBUG_INFORMATION_FORMAT = dwarf;
				ENABLE_STRICT_OBJC_MSGSEND = YES;
				ENABLE_TESTABILITY = YES;
				GCC_C_LANGUAGE_STANDARD = gnu11;
				GCC_DYNAMIC_NO_PIC = NO;
				GCC_NO_COMMON_BLOCKS = YES;
				GCC_OPTIMIZATION_LEVEL = 0;
				GCC_PREPROCESSOR_DEFINITIONS = (
					"DEBUG=1",
					"$(inherited)",
				);
				GCC_WARN_64_TO_32_BIT_CONVERSION = YES;
				GCC_WARN_ABOUT_RETURN_TYPE = YES_ERROR;
				GCC_WARN_UNDECLARED_SELECTOR = YES;
				GCC_WARN_UNINITIALIZED_AUTOS = YES_AGGRESSIVE;
				GCC_WARN_UNUSED_FUNCTION = YES;
				GCC_WARN_UNUSED_VARIABLE = YES;
				IPHONEOS_DEPLOYMENT_TARGET = 14.4;
				MTL_ENABLE_DEBUG_INFO = INCLUDE_SOURCE;
				MTL_FAST_MATH = YES;
				ONLY_ACTIVE_ARCH = YES;
				SDKROOT = iphoneos;
				SWIFT_ACTIVE_COMPILATION_CONDITIONS = DEBUG;
				SWIFT_OPTIMIZATION_LEVEL = "-Onone";
			};
			name = Debug;
		};
		4E163D072617B0C500F02B4C /* Release */ = {
			isa = XCBuildConfiguration;
			buildSettings = {
				ALWAYS_SEARCH_USER_PATHS = NO;
				CLANG_ANALYZER_NONNULL = YES;
				CLANG_ANALYZER_NUMBER_OBJECT_CONVERSION = YES_AGGRESSIVE;
				CLANG_CXX_LANGUAGE_STANDARD = "gnu++14";
				CLANG_CXX_LIBRARY = "libc++";
				CLANG_ENABLE_MODULES = YES;
				CLANG_ENABLE_OBJC_ARC = YES;
				CLANG_ENABLE_OBJC_WEAK = YES;
				CLANG_WARN_BLOCK_CAPTURE_AUTORELEASING = YES;
				CLANG_WARN_BOOL_CONVERSION = YES;
				CLANG_WARN_COMMA = YES;
				CLANG_WARN_CONSTANT_CONVERSION = YES;
				CLANG_WARN_DEPRECATED_OBJC_IMPLEMENTATIONS = YES;
				CLANG_WARN_DIRECT_OBJC_ISA_USAGE = YES_ERROR;
				CLANG_WARN_DOCUMENTATION_COMMENTS = YES;
				CLANG_WARN_EMPTY_BODY = YES;
				CLANG_WARN_ENUM_CONVERSION = YES;
				CLANG_WARN_INFINITE_RECURSION = YES;
				CLANG_WARN_INT_CONVERSION = YES;
				CLANG_WARN_NON_LITERAL_NULL_CONVERSION = YES;
				CLANG_WARN_OBJC_IMPLICIT_RETAIN_SELF = YES;
				CLANG_WARN_OBJC_LITERAL_CONVERSION = YES;
				CLANG_WARN_OBJC_ROOT_CLASS = YES_ERROR;
				CLANG_WARN_QUOTED_INCLUDE_IN_FRAMEWORK_HEADER = YES;
				CLANG_WARN_RANGE_LOOP_ANALYSIS = YES;
				CLANG_WARN_STRICT_PROTOTYPES = YES;
				CLANG_WARN_SUSPICIOUS_MOVE = YES;
				CLANG_WARN_UNGUARDED_AVAILABILITY = YES_AGGRESSIVE;
				CLANG_WARN_UNREACHABLE_CODE = YES;
				CLANG_WARN__DUPLICATE_METHOD_MATCH = YES;
				COPY_PHASE_STRIP = NO;
				DEBUG_INFORMATION_FORMAT = "dwarf-with-dsym";
				ENABLE_NS_ASSERTIONS = NO;
				ENABLE_STRICT_OBJC_MSGSEND = YES;
				GCC_C_LANGUAGE_STANDARD = gnu11;
				GCC_NO_COMMON_BLOCKS = YES;
				GCC_WARN_64_TO_32_BIT_CONVERSION = YES;
				GCC_WARN_ABOUT_RETURN_TYPE = YES_ERROR;
				GCC_WARN_UNDECLARED_SELECTOR = YES;
				GCC_WARN_UNINITIALIZED_AUTOS = YES_AGGRESSIVE;
				GCC_WARN_UNUSED_FUNCTION = YES;
				GCC_WARN_UNUSED_VARIABLE = YES;
				IPHONEOS_DEPLOYMENT_TARGET = 14.4;
				MTL_ENABLE_DEBUG_INFO = NO;
				MTL_FAST_MATH = YES;
				SDKROOT = iphoneos;
				SWIFT_COMPILATION_MODE = wholemodule;
				SWIFT_OPTIMIZATION_LEVEL = "-O";
				VALIDATE_PRODUCT = YES;
			};
			name = Release;
		};
		4E163D092617B0C500F02B4C /* Debug */ = {
			isa = XCBuildConfiguration;
			baseConfigurationReference = EFCC2C987138A14D948D3667 /* Pods-U Bisiness.debug.xcconfig */;
			buildSettings = {
				ASSETCATALOG_COMPILER_APPICON_NAME = AppIcon;
				ASSETCATALOG_COMPILER_GLOBAL_ACCENT_COLOR_NAME = AccentColor;
				CODE_SIGN_STYLE = Automatic;
				DEVELOPMENT_TEAM = 2HZH3XUR69;
				INFOPLIST_FILE = "U Bisiness/Info.plist";
				LD_RUNPATH_SEARCH_PATHS = (
					"$(inherited)",
					"@executable_path/Frameworks",
				);
				PRODUCT_BUNDLE_IDENTIFIER = "com.molodorya.U-Bisiness";
				PRODUCT_NAME = "$(TARGET_NAME)";
				SWIFT_VERSION = 5.0;
				TARGETED_DEVICE_FAMILY = "1,2";
			};
			name = Debug;
		};
		4E163D0A2617B0C500F02B4C /* Release */ = {
			isa = XCBuildConfiguration;
			baseConfigurationReference = 6F0561F93FFB0809CC1AECC3 /* Pods-U Bisiness.release.xcconfig */;
			buildSettings = {
				ASSETCATALOG_COMPILER_APPICON_NAME = AppIcon;
				ASSETCATALOG_COMPILER_GLOBAL_ACCENT_COLOR_NAME = AccentColor;
				CODE_SIGN_STYLE = Automatic;
				DEVELOPMENT_TEAM = 2HZH3XUR69;
				INFOPLIST_FILE = "U Bisiness/Info.plist";
				LD_RUNPATH_SEARCH_PATHS = (
					"$(inherited)",
					"@executable_path/Frameworks",
				);
				PRODUCT_BUNDLE_IDENTIFIER = "com.molodorya.U-Bisiness";
				PRODUCT_NAME = "$(TARGET_NAME)";
				SWIFT_VERSION = 5.0;
				TARGETED_DEVICE_FAMILY = "1,2";
			};
			name = Release;
		};
/* End XCBuildConfiguration section */

/* Begin XCConfigurationList section */
		4E163CEF2617B0C100F02B4C /* Build configuration list for PBXProject "U Bisiness" */ = {
			isa = XCConfigurationList;
			buildConfigurations = (
				4E163D062617B0C500F02B4C /* Debug */,
				4E163D072617B0C500F02B4C /* Release */,
			);
			defaultConfigurationIsVisible = 0;
			defaultConfigurationName = Release;
		};
		4E163D082617B0C500F02B4C /* Build configuration list for PBXNativeTarget "U Bisiness" */ = {
			isa = XCConfigurationList;
			buildConfigurations = (
				4E163D092617B0C500F02B4C /* Debug */,
				4E163D0A2617B0C500F02B4C /* Release */,
			);
			defaultConfigurationIsVisible = 0;
			defaultConfigurationName = Release;
		};
/* End XCConfigurationList section */
	};
	rootObject = 4E163CEC2617B0C100F02B4C /* Project object */;
}
